{
  "name": "ocean-jornada-backend",
  "version": "1.0.0",
  "lockfileVersion": 3,
  "requires": true,
  "descriptiom": "Projeto com NodeJS e Express feito para a Jornada Backend",
  "master": "index.js",
  "packages": {
    "": {
      "name": "ocean-jornada-backend",
      "version": "1.0.0",
      "license": "MIT"
    }
  }
}
